
Microsoft Visual Studio Solution File, Format Version 12.00
# Visual Studio Version 16
VisualStudioVersion = 16.0.30320.27
MinimumVisualStudioVersion = 10.0.40219.1
Project("{FAE04EC0-301F-11D3-BF4B-00C04F79EFBC}") = "Mr28-Super-Nova-Tool", "Mr28-Super-Nova-Tool\Mr28-Super-Nova-Tool.csproj", "{D98278B6-43D4-4E6C-9421-DF1077EB6EDC}"
EndProject
Global
	GlobalSection(SolutionConfigurationPlatforms) = preSolution
		Debug|Any CPU = Debug|Any CPU
		Release|Any CPU = Release|Any CPU
	EndGlobalSection
	GlobalSection(ProjectConfigurationPlatforms) = postSolution
		{D98278B6-43D4-4E6C-9421-DF1077EB6EDC}.Debug|Any CPU.ActiveCfg = Debug|Any CPU
		{D98278B6-43D4-4E6C-9421-DF1077EB6EDC}.Debug|Any CPU.Build.0 = Debug|Any CPU
		{D98278B6-43D4-4E6C-9421-DF1077EB6EDC}.Release|Any CPU.ActiveCfg = Release|Any CPU
		{D98278B6-43D4-4E6C-9421-DF1077EB6EDC}.Release|Any CPU.Build.0 = Release|Any CPU
	EndGlobalSection
	GlobalSection(SolutionProperties) = preSolution
		HideSolutionNode = FALSE
	EndGlobalSection
	GlobalSection(ExtensibilityGlobals) = postSolution
		SolutionGuid = {5F6E4AF0-67AD-4F28-8793-38AC14BFDC19}
	EndGlobalSection
EndGlobal
